
Microsoft Visual Studio Solution File, Format Version 12.00
# Visual Studio Version 16
VisualStudioVersion = 16.0.30621.155
MinimumVisualStudioVersion = 10.0.40219.1
Project("{FAE04EC0-301F-11D3-BF4B-00C04F79EFBC}") = "Task3d", "Task3d\Task3d.csproj", "{8EEFB8C0-B9C5-4D12-AEA9-A2ACA5C86061}"
EndProject
Global
	GlobalSection(SolutionConfigurationPlatforms) = preSolution
		Debug|Any CPU = Debug|Any CPU
		Release|Any CPU = Release|Any CPU
	EndGlobalSection
	GlobalSection(ProjectConfigurationPlatforms) = postSolution
		{8EEFB8C0-B9C5-4D12-AEA9-A2ACA5C86061}.Debug|Any CPU.ActiveCfg = Debug|Any CPU
		{8EEFB8C0-B9C5-4D12-AEA9-A2ACA5C86061}.Debug|Any CPU.Build.0 = Debug|Any CPU
		{8EEFB8C0-B9C5-4D12-AEA9-A2ACA5C86061}.Release|Any CPU.ActiveCfg = Release|Any CPU
		{8EEFB8C0-B9C5-4D12-AEA9-A2ACA5C86061}.Release|Any CPU.Build.0 = Release|Any CPU
	EndGlobalSection
	GlobalSection(SolutionProperties) = preSolution
		HideSolutionNode = FALSE
	EndGlobalSection
	GlobalSection(ExtensibilityGlobals) = postSolution
		SolutionGuid = {8E5CB88F-D95E-4BE2-BD65-F2F25D911657}
	EndGlobalSection
EndGlobal
